
Microsoft Visual Studio Solution File, Format Version 12.00
# Visual Studio 15
VisualStudioVersion = 15.0.28307.1267
MinimumVisualStudioVersion = 10.0.40219.1
Project("{FAE04EC0-301F-11D3-BF4B-00C04F79EFBC}") = "SRMP", "SRMP\SRMP.csproj", "{E1BF7CDA-F2AE-4042-A992-DCBF62E79238}"
EndProject
Global
	GlobalSection(SolutionConfigurationPlatforms) = preSolution
		Debug|Any CPU = Debug|Any CPU
		Release|Any CPU = Release|Any CPU
		SRML|Any CPU = SRML|Any CPU
		SRML NoVer|Any CPU = SRML NoVer|Any CPU
		Standalone|Any CPU = Standalone|Any CPU
		Standalone NoVer|Any CPU = Standalone NoVer|Any CPU
	EndGlobalSection
	GlobalSection(ProjectConfigurationPlatforms) = postSolution
		{E1BF7CDA-F2AE-4042-A992-DCBF62E79238}.Debug|Any CPU.ActiveCfg = Debug|Any CPU
		{E1BF7CDA-F2AE-4042-A992-DCBF62E79238}.Debug|Any CPU.Build.0 = Debug|Any CPU
		{E1BF7CDA-F2AE-4042-A992-DCBF62E79238}.Release|Any CPU.ActiveCfg = Release|Any CPU
		{E1BF7CDA-F2AE-4042-A992-DCBF62E79238}.Release|Any CPU.Build.0 = Release|Any CPU
		{E1BF7CDA-F2AE-4042-A992-DCBF62E79238}.SRML|Any CPU.ActiveCfg = SRML|Any CPU
		{E1BF7CDA-F2AE-4042-A992-DCBF62E79238}.SRML|Any CPU.Build.0 = SRML|Any CPU
		{E1BF7CDA-F2AE-4042-A992-DCBF62E79238}.SRML NoVer|Any CPU.ActiveCfg = SRML NoVer|Any CPU
		{E1BF7CDA-F2AE-4042-A992-DCBF62E79238}.SRML NoVer|Any CPU.Build.0 = SRML NoVer|Any CPU
		{E1BF7CDA-F2AE-4042-A992-DCBF62E79238}.Standalone|Any CPU.ActiveCfg = Standalone|Any CPU
		{E1BF7CDA-F2AE-4042-A992-DCBF62E79238}.Standalone|Any CPU.Build.0 = Standalone|Any CPU
		{E1BF7CDA-F2AE-4042-A992-DCBF62E79238}.Standalone NoVer|Any CPU.ActiveCfg = Standalone NoVer|Any CPU
		{E1BF7CDA-F2AE-4042-A992-DCBF62E79238}.Standalone NoVer|Any CPU.Build.0 = Standalone NoVer|Any CPU
	EndGlobalSection
	GlobalSection(SolutionProperties) = preSolution
		HideSolutionNode = FALSE
	EndGlobalSection
	GlobalSection(ExtensibilityGlobals) = postSolution
		SolutionGuid = {6E1CE44C-14A2-4691-A970-B971E4861A66}
	EndGlobalSection
EndGlobal
